
Microsoft Visual Studio Solution File, Format Version 12.00
# Visual Studio Version 17
VisualStudioVersion = 17.0.32112.339
MinimumVisualStudioVersion = 10.0.40219.1
Project("{9A19103F-16F7-4668-BE54-9A1E7A4F7556}") = "STRATUS.CAD.StartupResources", "..\StratusCAD\SharedProjects\Startup\STRATUS.CAD.StartupResources.csproj", "{A7D783EE-C6BE-4F51-87B7-787699646A39}"
EndProject
Project("{9A19103F-16F7-4668-BE54-9A1E7A4F7556}") = "STRATUS.CAD.Models", "..\StratusCAD\SharedProjects\Models\STRATUS.CAD.Models.csproj", "{DE16B8BE-C794-4879-BCC3-04FB3F010B0A}"
EndProject
Project("{9A19103F-16F7-4668-BE54-9A1E7A4F7556}") = "STRATUS.CAD.Repos", "..\StratusCAD\SharedProjects\Repos\STRATUS.CAD.Repos.csproj", "{7F414F29-F150-4325-A22B-595259EB08A1}"
EndProject
Project("{9A19103F-16F7-4668-BE54-9A1E7A4F7556}") = "STRATUS.CAD.Services", "..\StratusCAD\SharedProjects\Services\STRATUS.CAD.Services.csproj", "{DD50AF43-F32D-45ED-86AB-301FD7BA21A5}"
EndProject
Project("{FAE04EC0-301F-11D3-BF4B-00C04F79EFBC}") = "Replay", "Replay.csproj", "{C211DEE4-7B2C-41A4-868B-E395FADF2800}"
EndProject
Global
	GlobalSection(SolutionConfigurationPlatforms) = preSolution
		Debug|Any CPU = Debug|Any CPU
		Release|Any CPU = Release|Any CPU
	EndGlobalSection
	GlobalSection(ProjectConfigurationPlatforms) = postSolution
		{A7D783EE-C6BE-4F51-87B7-787699646A39}.Debug|Any CPU.ActiveCfg = Debug|Any CPU
		{A7D783EE-C6BE-4F51-87B7-787699646A39}.Debug|Any CPU.Build.0 = Debug|Any CPU
		{A7D783EE-C6BE-4F51-87B7-787699646A39}.Release|Any CPU.ActiveCfg = Release|Any CPU
		{A7D783EE-C6BE-4F51-87B7-787699646A39}.Release|Any CPU.Build.0 = Release|Any CPU
		{DE16B8BE-C794-4879-BCC3-04FB3F010B0A}.Debug|Any CPU.ActiveCfg = Debug|Any CPU
		{DE16B8BE-C794-4879-BCC3-04FB3F010B0A}.Debug|Any CPU.Build.0 = Debug|Any CPU
		{DE16B8BE-C794-4879-BCC3-04FB3F010B0A}.Release|Any CPU.ActiveCfg = Release|Any CPU
		{DE16B8BE-C794-4879-BCC3-04FB3F010B0A}.Release|Any CPU.Build.0 = Release|Any CPU
		{7F414F29-F150-4325-A22B-595259EB08A1}.Debug|Any CPU.ActiveCfg = Debug|Any CPU
		{7F414F29-F150-4325-A22B-595259EB08A1}.Debug|Any CPU.Build.0 = Debug|Any CPU
		{7F414F29-F150-4325-A22B-595259EB08A1}.Release|Any CPU.ActiveCfg = Release|Any CPU
		{7F414F29-F150-4325-A22B-595259EB08A1}.Release|Any CPU.Build.0 = Release|Any CPU
		{DD50AF43-F32D-45ED-86AB-301FD7BA21A5}.Debug|Any CPU.ActiveCfg = Debug|Any CPU
		{DD50AF43-F32D-45ED-86AB-301FD7BA21A5}.Debug|Any CPU.Build.0 = Debug|Any CPU
		{DD50AF43-F32D-45ED-86AB-301FD7BA21A5}.Release|Any CPU.ActiveCfg = Release|Any CPU
		{DD50AF43-F32D-45ED-86AB-301FD7BA21A5}.Release|Any CPU.Build.0 = Release|Any CPU
		{C211DEE4-7B2C-41A4-868B-E395FADF2800}.Debug|Any CPU.ActiveCfg = Debug|Any CPU
		{C211DEE4-7B2C-41A4-868B-E395FADF2800}.Debug|Any CPU.Build.0 = Debug|Any CPU
		{C211DEE4-7B2C-41A4-868B-E395FADF2800}.Release|Any CPU.ActiveCfg = Release|Any CPU
		{C211DEE4-7B2C-41A4-868B-E395FADF2800}.Release|Any CPU.Build.0 = Release|Any CPU
	EndGlobalSection
	GlobalSection(SolutionProperties) = preSolution
		HideSolutionNode = FALSE
	EndGlobalSection
	GlobalSection(ExtensibilityGlobals) = postSolution
		SolutionGuid = {C1F1CB50-D73C-47CD-A4C2-8A6768E3FD6F}
	EndGlobalSection
EndGlobal
